// !$*UTF8*$!
{
	archiveVersion = 1;
	classes = {
	};
	objectVersion = 46;
	objects = {         

/* Begin PBXBuildFile section */
		AE8EA0A81CB4FB53005ADD76 /* XYZAddToDoItemViewController.m in Sources */ = {isa = PBXBuildFile; fileRef = AE8EA0A71CB4FB53005ADD76 /* XYZAddToDoItemViewController.m */; };
		AE8EA0AE1CB4FEA0005ADD76 /* XYZToDoListViewController.m in Sources */ = {isa = PBXBuildFile; fileRef = AE8EA0AD1CB4FEA0005ADD76 /* XYZToDoListViewController.m */; };
		AE8EA0B11CB66107005ADD76 /* XYZToDoItem.m in Sources */ = {isa = PBXBuildFile; fileRef = AE8EA0B01CB66107005ADD76 /* XYZToDoItem.m */; };
		AE98188A1CA4F3A800D44FDD /* main.m in Sources */ = {isa = PBXBuildFile; fileRef = AE9818891CA4F3A800D44FDD /* main.m */; };
		AE98188D1CA4F3A800D44FDD /* AppDelegate.m in Sources */ = {isa = PBXBuildFile; fileRef = AE98188C1CA4F3A800D44FDD /* AppDelegate.m */; };
		AE9818901CA4F3A800D44FDD /* ViewController.m in Sources */ = {isa = PBXBuildFile; fileRef = AE98188F1CA4F3A800D44FDD /* ViewController.m */; };
		AE9818931CA4F3A800D44FDD /* Main.storyboard in Resources */ = {isa = PBXBuildFile; fileRef = AE9818911CA4F3A800D44FDD /* Main.storyboard */; };
		AE9818951CA4F3A800D44FDD /* Assets.xcassets in Resources */ = {isa = PBXBuildFile; fileRef = AE9818941CA4F3A800D44FDD /* Assets.xcassets */; };
		AE9818981CA4F3A800D44FDD /* LaunchScreen.storyboard in Resources */ = {isa = PBXBuildFile; fileRef = AE9818961CA4F3A800D44FDD /* LaunchScreen.storyboard */; };
		AE9818A31CA4F3A800D44FDD /* ToDoListTests.m in Sources */ = {isa = PBXBuildFile; fileRef = AE9818A21CA4F3A800D44FDD /* ToDoListTests.m */; };
		AE9818AE1CA4F3A800D44FDD /* ToDoListUITests.m in Sources */ = {isa = PBXBuildFile; fileRef = AE9818AD1CA4F3A800D44FDD /* ToDoListUITests.m */; };
/* End PBXBuildFile section */

/* Begin PBXContainerItemProxy section */
		AE98189F1CA4F3A800D44FDD /* PBXContainerItemProxy */ = {
			isa = PBXContainerItemProxy;
			containerPortal = AE98187D1CA4F3A800D44FDD /* Project object */;
			proxyType = 1;
			remoteGlobalIDString = AE9818841CA4F3A800D44FDD;
			remoteInfo = ToDoList;
		};
		AE9818AA1CA4F3A800D44FDD /* PBXContainerItemProxy */ = {
			isa = PBXContainerItemProxy;
			containerPortal = AE98187D1CA4F3A800D44FDD /* Project object */;
			proxyType = 1;
			remoteGlobalIDString = AE9818841CA4F3A800D44FDD;
			remoteInfo = ToDoList;
		};
/* End PBXContainerItemProxy section */

/* Begin PBXFileReference section */
		AE8EA0A61CB4FB53005ADD76 /* XYZAddToDoItemViewController.h */ = {isa = PBXFileReference; fileEncoding = 4; lastKnownFileType = sourcecode.c.h; path = XYZAddToDoItemViewController.h; sourceTree = "<group>"; };
		AE8EA0A71CB4FB53005ADD76 /* XYZAddToDoItemViewController.m */ = {isa = PBXFileReference; fileEncoding = 4; lastKnownFileType = sourcecode.c.objc; path = XYZAddToDoItemViewController.m; sourceTree = "<group>"; };
		AE8EA0AC1CB4FEA0005ADD76 /* XYZToDoListViewController.h */ = {isa = PBXFileReference; fileEncoding = 4; lastKnownFileType = sourcecode.c.h; path = XYZToDoListViewController.h; sourceTree = "<group>"; };
		AE8EA0AD1CB4FEA0005ADD76 /* XYZToDoListViewController.m */ = {isa = PBXFileReference; fileEncoding = 4; lastKnownFileType = sourcecode.c.objc; path = XYZToDoListViewController.m; sourceTree = "<group>"; };
		AE8EA0AF1CB66107005ADD76 /* XYZToDoItem.h */ = {isa = PBXFileReference; fileEncoding = 4; lastKnownFileType = sourcecode.c.h; path = XYZToDoItem.h; sourceTree = "<group>"; };
		AE8EA0B01CB66107005ADD76 /* XYZToDoItem.m */ = {isa = PBXFileReference; fileEncoding = 4; lastKnownFileType = sourcecode.c.objc; path = XYZToDoItem.m; sourceTree = "<group>"; };
		AE9818851CA4F3A800D44FDD /* ToDoList.app */ = {isa = PBXFileReference; explicitFileType = wrapper.application; includeInIndex = 0; path = ToDoList.app; sourceTree = BUILT_PRODUCTS_DIR; };
		AE9818891CA4F3A800D44FDD /* main.m */ = {isa = PBXFileReference; lastKnownFileType = sourcecode.c.objc; path = main.m; sourceTree = "<group>"; };
		AE98188B1CA4F3A800D44FDD /* AppDelegate.h */ = {isa = PBXFileReference; lastKnownFileType = sourcecode.c.h; path = AppDelegate.h; sourceTree = "<group>"; };
		AE98188C1CA4F3A800D44FDD /* AppDelegate.m */ = {isa = PBXFileReference; lastKnownFileType = sourcecode.c.objc; path = AppDelegate.m; sourceTree = "<group>"; };
		AE98188E1CA4F3A800D44FDD /* ViewController.h */ = {isa = PBXFileReference; lastKnownFileType = sourcecode.c.h; path = ViewController.h; sourceTree = "<group>"; };
		AE98188F1CA4F3A800D44FDD /* ViewController.m */ = {isa = PBXFileReference; lastKnownFileType = sourcecode.c.objc; path = ViewController.m; sourceTree = "<group>"; };
		AE9818921CA4F3A800D44FDD /* Base */ = {isa = PBXFileReference; lastKnownFileType = file.storyboard; name = Base; path = Base.lproj/Main.storyboard; sourceTree = "<group>"; };
		AE9818941CA4F3A800D44FDD /* Assets.xcassets */ = {isa = PBXFileReference; lastKnownFileType = folder.assetcatalog; path = Assets.xcassets; sourceTree = "<group>"; };
		AE9818971CA4F3A800D44FDD /* Base */ = {isa = PBXFileReference; lastKnownFileType = file.storyboard; name = Base; path = Base.lproj/LaunchScreen.storyboard; sourceTree = "<group>"; };
		AE9818991CA4F3A800D44FDD /* Info.plist */ = {isa = PBXFileReference; lastKnownFileType = text.plist.xml; path = Info.plist; sourceTree = "<group>"; };
		AE98189E1CA4F3A800D44FDD /* ToDoListTests.xctest */ = {isa = PBXFileReference; explicitFileType = wrapper.cfbundle; includeInIndex = 0; path = ToDoListTests.xctest; sourceTree = BUILT_PRODUCTS_DIR; };
		AE9818A21CA4F3A800D44FDD /* ToDoListTests.m */ = {isa = PBXFileReference; lastKnownFileType = sourcecode.c.objc; path = ToDoListTests.m; sourceTree = "<group>"; };
		AE9818A41CA4F3A800D44FDD /* Info.plist */ = {isa = PBXFileReference; lastKnownFileType = text.plist.xml; path = Info.plist; sourceTree = "<group>"; };
		AE9818A91CA4F3A800D44FDD /* ToDoListUITests.xctest */ = {isa = PBXFileReference; explicitFileType = wrapper.cfbundle; includeInIndex = 0; path = ToDoListUITests.xctest; sourceTree = BUILT_PRODUCTS_DIR; };
		AE9818AD1CA4F3A800D44FDD /* ToDoListUITests.m */ = {isa = PBXFileReference; lastKnownFileType = sourcecode.c.objc; path = ToDoListUITests.m; sourceTree = "<group>"; };
		AE9818AF1CA4F3A800D44FDD /* Info.plist */ = {isa = PBXFileReference; lastKnownFileType = text.plist.xml; path = Info.plist; sourceTree = "<group>"; };
/* End PBXFileReference section */

/* Begin PBXFrameworksBuildPhase section */
		AE9818821CA4F3A800D44FDD /* Frameworks */ = {
			isa = PBXFrameworksBuildPhase;
			buildActionMask = 2147483647;
			files = (
			);
			runOnlyForDeploymentPostprocessing = 0;
		};
		AE98189B1CA4F3A800D44FDD /* Frameworks */ = {
			isa = PBXFrameworksBuildPhase;
			buildActionMask = 2147483647;
			files = (
			);
			runOnlyForDeploymentPostprocessing = 0;
		};
		AE9818A61CA4F3A800D44FDD /* Frameworks */ = {
			isa = PBXFrameworksBuildPhase;
			buildActionMask = 2147483647;
			files = (
			);
			runOnlyForDeploymentPostprocessing = 0;
		};
/* End PBXFrameworksBuildPhase section */

/* Begin PBXGroup section */
		AE98187C1CA4F3A800D44FDD = {
			isa = PBXGroup;
			children = (
				AE9818871CA4F3A800D44FDD /* ToDoList */,
				AE9818A11CA4F3A800D44FDD /* ToDoListTests */,
				AE9818AC1CA4F3A800D44FDD /* ToDoListUITests */,
				AE9818861CA4F3A800D44FDD /* Products */,
			);
			sourceTree = "<group>";
		};
		AE9818861CA4F3A800D44FDD /* Products */ = {
			isa = PBXGroup;
			children = (
				AE9818851CA4F3A800D44FDD /* ToDoList.app */,
				AE98189E1CA4F3A800D44FDD /* ToDoListTests.xctest */,
				AE9818A91CA4F3A800D44FDD /* ToDoListUITests.xctest */,
			);
			name = Products;
			sourceTree = "<group>";
		};
		AE9818871CA4F3A800D44FDD /* ToDoList */ = {
			isa = PBXGroup;
			children = (
				AE8EA0AC1CB4FEA0005ADD76 /* XYZToDoListViewController.h */,
				AE8EA0AD1CB4FEA0005ADD76 /* XYZToDoListViewController.m */,
				AE8EA0A61CB4FB53005ADD76 /* XYZAddToDoItemViewController.h */,
				AE8EA0A71CB4FB53005ADD76 /* XYZAddToDoItemViewController.m */,
				AE8EA0AF1CB66107005ADD76 /* XYZToDoItem.h */,
				AE8EA0B01CB66107005ADD76 /* XYZToDoItem.m */,
				AE98188B1CA4F3A800D44FDD /* AppDelegate.h */,
				AE98188C1CA4F3A800D44FDD /* AppDelegate.m */,
				AE98188E1CA4F3A800D44FDD /* ViewController.h */,
				AE98188F1CA4F3A800D44FDD /* ViewController.m */,
				AE9818911CA4F3A800D44FDD /* Main.storyboard */,
				AE9818941CA4F3A800D44FDD /* Assets.xcassets */,
				AE9818961CA4F3A800D44FDD /* LaunchScreen.storyboard */,
				AE9818991CA4F3A800D44FDD /* Info.plist */,
				AE9818881CA4F3A800D44FDD /* Supporting Files */,
			);
			path = ToDoList;
			sourceTree = "<group>";
		};
		AE9818881CA4F3A800D44FDD /* Supporting Files */ = {
			isa = PBXGroup;
			children = (
				AE9818891CA4F3A800D44FDD /* main.m */,
			);
			name = "Supporting Files";
			sourceTree = "<group>";
		};
		AE9818A11CA4F3A800D44FDD /* ToDoListTests */ = {
			isa = PBXGroup;
			children = (
				AE9818A21CA4F3A800D44FDD /* ToDoListTests.m */,
				AE9818A41CA4F3A800D44FDD /* Info.plist */,
			);
			path = ToDoListTests;
			sourceTree = "<group>";
		};
		AE9818AC1CA4F3A800D44FDD /* ToDoListUITests */ = {
			isa = PBXGroup;
			children = (
				AE9818AD1CA4F3A800D44FDD /* ToDoListUITests.m */,
				AE9818AF1CA4F3A800D44FDD /* Info.plist */,
			);
			path = ToDoListUITests;
			sourceTree = "<group>";
		};
/* End PBXGroup section */

/* Begin PBXNativeTarget section */
		AE9818841CA4F3A800D44FDD /* ToDoList */ = {
			isa = PBXNativeTarget;
			buildConfigurationList = AE9818B21CA4F3A800D44FDD /* Build configuration list for PBXNativeTarget "ToDoList" */;
			buildPhases = (
				AE9818811CA4F3A800D44FDD /* Sources */,
				AE9818821CA4F3A800D44FDD /* Frameworks */,
				AE9818831CA4F3A800D44FDD /* Resources */,
			);
			buildRules = (
			);
			dependencies = (
			);
			name = ToDoList;
			productName = ToDoList;
			productReference = AE9818851CA4F3A800D44FDD /* ToDoList.app */;
			productType = "com.apple.product-type.application";
		};
		AE98189D1CA4F3A800D44FDD /* ToDoListTests */ = {
			isa = PBXNativeTarget;
			buildConfigurationList = AE9818B51CA4F3A800D44FDD /* Build configuration list for PBXNativeTarget "ToDoListTests" */;
			buildPhases = (
				AE98189A1CA4F3A800D44FDD /* Sources */,
				AE98189B1CA4F3A800D44FDD /* Frameworks */,
				AE98189C1CA4F3A800D44FDD /* Resources */,
			);
			buildRules = (
			);
			dependencies = (
				AE9818A01CA4F3A800D44FDD /* PBXTargetDependency */,
			);
			name = ToDoListTests;
			productName = ToDoListTests;
			productReference = AE98189E1CA4F3A800D44FDD /* ToDoListTests.xctest */;
			productType = "com.apple.product-type.bundle.unit-test";
		};
		AE9818A81CA4F3A800D44FDD /* ToDoListUITests */ = {
			isa = PBXNativeTarget;
			buildConfigurationList = AE9818B81CA4F3A800D44FDD /* Build configuration list for PBXNativeTarget "ToDoListUITests" */;
			buildPhases = (
				AE9818A51CA4F3A800D44FDD /* Sources */,
				AE9818A61CA4F3A800D44FDD /* Frameworks */,
				AE9818A71CA4F3A800D44FDD /* Resources */,
			);
			buildRules = (
			);
			dependencies = (
				AE9818AB1CA4F3A800D44FDD /* PBXTargetDependency */,
			);
			name = ToDoListUITests;
			productName = ToDoListUITests;
			productReference = AE9818A91CA4F3A800D44FDD /* ToDoListUITests.xctest */;
			productType = "com.apple.product-type.bundle.ui-testing";
		};
/* End PBXNativeTarget section */

/* Begin PBXProject section */
		AE98187D1CA4F3A800D44FDD /* Project object */ = {
			isa = PBXProject;
			attributes = {
				LastUpgradeCheck = 0720;
				ORGANIZATIONNAME = cy_tseng;
				TargetAttributes = {
					AE9818841CA4F3A800D44FDD = {
						CreatedOnToolsVersion = 7.2.1;
					};
					AE98189D1CA4F3A800D44FDD = {
						CreatedOnToolsVersion = 7.2.1;
						TestTargetID = AE9818841CA4F3A800D44FDD;
					};
					AE9818A81CA4F3A800D44FDD = {
						CreatedOnToolsVersion = 7.2.1;
						TestTargetID = AE9818841CA4F3A800D44FDD;
					};
				};
			};
			buildConfigurationList = AE9818801CA4F3A800D44FDD /* Build configuration list for PBXProject "ToDoList" */;
			compatibilityVersion = "Xcode 3.2";
			developmentRegion = English;
			hasScannedForEncodings = 0;
			knownRegions = (
				en,
				Base,
			);
			mainGroup = AE98187C1CA4F3A800D44FDD;
			productRefGroup = AE9818861CA4F3A800D44FDD /* Products */;
			projectDirPath = "";
			projectRoot = "";
			targets = (
				AE9818841CA4F3A800D44FDD /* ToDoList */,
				AE98189D1CA4F3A800D44FDD /* ToDoListTests */,
				AE9818A81CA4F3A800D44FDD /* ToDoListUITests */,
			);
		};
/* End PBXProject section */

/* Begin PBXResourcesBuildPhase section */
		AE9818831CA4F3A800D44FDD /* Resources */ = {
			isa = PBXResourcesBuildPhase;
			buildActionMask = 2147483647;
			files = (
				AE9818981CA4F3A800D44FDD /* LaunchScreen.storyboard in Resources */,
				AE9818951CA4F3A800D44FDD /* Assets.xcassets in Resources */,
				AE9818931CA4F3A800D44FDD /* Main.storyboard in Resources */,
			);
			runOnlyForDeploymentPostprocessing = 0;
		};
		AE98189C1CA4F3A800D44FDD /* Resources */ = {
			isa = PBXResourcesBuildPhase;
			buildActionMask = 2147483647;
			files = (
			);
			runOnlyForDeploymentPostprocessing = 0;
		};
		AE9818A71CA4F3A800D44FDD /* Resources */ = {
			isa = PBXResourcesBuildPhase;
			buildActionMask = 2147483647;
			files = (
			);
			runOnlyForDeploymentPostprocessing = 0;
		};
/* End PBXResourcesBuildPhase section */

/* Begin PBXSourcesBuildPhase section */
		AE9818811CA4F3A800D44FDD /* Sources */ = {
			isa = PBXSourcesBuildPhase;
			buildActionMask = 2147483647;
			files = (
				AE8EA0B11CB66107005ADD76 /* XYZToDoItem.m in Sources */,
				AE8EA0AE1CB4FEA0005ADD76 /* XYZToDoListViewController.m in Sources */,
				AE9818901CA4F3A800D44FDD /* ViewController.m in Sources */,
				AE8EA0A81CB4FB53005ADD76 /* XYZAddToDoItemViewController.m in Sources */,
				AE98188D1CA4F3A800D44FDD /* AppDelegate.m in Sources */,
				AE98188A1CA4F3A800D44FDD /* main.m in Sources */,
			);
			runOnlyForDeploymentPostprocessing = 0;
		};
		AE98189A1CA4F3A800D44FDD /* Sources */ = {
			isa = PBXSourcesBuildPhase;
			buildActionMask = 2147483647;
			files = (
				AE9818A31CA4F3A800D44FDD /* ToDoListTests.m in Sources */,
			);
			runOnlyForDeploymentPostprocessing = 0;
		};
		AE9818A51CA4F3A800D44FDD /* Sources */ = {
			isa = PBXSourcesBuildPhase;
			buildActionMask = 2147483647;
			files = (
				AE9818AE1CA4F3A800D44FDD /* ToDoListUITests.m in Sources */,
			);
			runOnlyForDeploymentPostprocessing = 0;
		};
/* End PBXSourcesBuildPhase section */

/* Begin PBXTargetDependency section */
		AE9818A01CA4F3A800D44FDD /* PBXTargetDependency */ = {
			isa = PBXTargetDependency;
			target = AE9818841CA4F3A800D44FDD /* ToDoList */;
			targetProxy = AE98189F1CA4F3A800D44FDD /* PBXContainerItemProxy */;
		};
		AE9818AB1CA4F3A800D44FDD /* PBXTargetDependency */ = {
			isa = PBXTargetDependency;
			target = AE9818841CA4F3A800D44FDD /* ToDoList */;
			targetProxy = AE9818AA1CA4F3A800D44FDD /* PBXContainerItemProxy */;
		};
/* End PBXTargetDependency section */

/* Begin PBXVariantGroup section */
		AE9818911CA4F3A800D44FDD /* Main.storyboard */ = {
			isa = PBXVariantGroup;
			children = (
				AE9818921CA4F3A800D44FDD /* Base */,
			);
			name = Main.storyboard;
			sourceTree = "<group>";
		};
		AE9818961CA4F3A800D44FDD /* LaunchScreen.storyboard */ = {
			isa = PBXVariantGroup;
			children = (
				AE9818971CA4F3A800D44FDD /* Base */,
			);
			name = LaunchScreen.storyboard;
			sourceTree = "<group>";
		};
/* End PBXVariantGroup section */

/* Begin XCBuildConfiguration section */
		AE9818B01CA4F3A800D44FDD /* Debug */ = {
			isa = XCBuildConfiguration;
			buildSettings = {
				ALWAYS_SEARCH_USER_PATHS = NO;
				CLANG_CXX_LANGUAGE_STANDARD = "gnu++0x";
				CLANG_CXX_LIBRARY = "libc++";
				CLANG_ENABLE_MODULES = YES;
				CLANG_ENABLE_OBJC_ARC = YES;
				CLANG_WARN_BOOL_CONVERSION = YES;
				CLANG_WARN_CONSTANT_CONVERSION = YES;
				CLANG_WARN_DIRECT_OBJC_ISA_USAGE = YES_ERROR;
				CLANG_WARN_EMPTY_BODY = YES;
				CLANG_WARN_ENUM_CONVERSION = YES;
				CLANG_WARN_INT_CONVERSION = YES;
				CLANG_WARN_OBJC_ROOT_CLASS = YES_ERROR;
				CLANG_WARN_UNREACHABLE_CODE = YES;
				CLANG_WARN__DUPLICATE_METHOD_MATCH = YES;
				"CODE_SIGN_IDENTITY[sdk=iphoneos*]" = "iPhone Developer";
				COPY_PHASE_STRIP = NO;
				DEBUG_INFORMATION_FORMAT = dwarf;
				ENABLE_STRICT_OBJC_MSGSEND = YES;
				ENABLE_TESTABILITY = YES;
				GCC_C_LANGUAGE_STANDARD = gnu99;
				GCC_DYNAMIC_NO_PIC = NO;
				GCC_NO_COMMON_BLOCKS = YES;
				GCC_OPTIMIZATION_LEVEL = 0;
				GCC_PREPROCESSOR_DEFINITIONS = (
					"DEBUG=1",
					"$(inherited)",
				);
				GCC_WARN_64_TO_32_BIT_CONVERSION = YES;
				GCC_WARN_ABOUT_RETURN_TYPE = YES_ERROR;
				GCC_WARN_UNDECLARED_SELECTOR = YES;
				GCC_WARN_UNINITIALIZED_AUTOS = YES_AGGRESSIVE;
				GCC_WARN_UNUSED_FUNCTION = YES;
				GCC_WARN_UNUSED_VARIABLE = YES;
				IPHONEOS_DEPLOYMENT_TARGET = 9.2;
				MTL_ENABLE_DEBUG_INFO = YES;
				ONLY_ACTIVE_ARCH = YES;
				SDKROOT = iphoneos;
			};
			name = Debug;
		};
		AE9818B11CA4F3A800D44FDD /* Release */ = {
			isa = XCBuildConfiguration;
			buildSettings = {
				ALWAYS_SEARCH_USER_PATHS = NO;
				CLANG_CXX_LANGUAGE_STANDARD = "gnu++0x";
				CLANG_CXX_LIBRARY = "libc++";
				CLANG_ENABLE_MODULES = YES;
				CLANG_ENABLE_OBJC_ARC = YES;
				CLANG_WARN_BOOL_CONVERSION = YES;
				CLANG_WARN_CONSTANT_CONVERSION = YES;
				CLANG_WARN_DIRECT_OBJC_ISA_USAGE = YES_ERROR;
				CLANG_WARN_EMPTY_BODY = YES;
				CLANG_WARN_ENUM_CONVERSION = YES;
				CLANG_WARN_INT_CONVERSION = YES;
				CLANG_WARN_OBJC_ROOT_CLASS = YES_ERROR;
				CLANG_WARN_UNREACHABLE_CODE = YES;
				CLANG_WARN__DUPLICATE_METHOD_MATCH = YES;
				"CODE_SIGN_IDENTITY[sdk=iphoneos*]" = "iPhone Developer";
				COPY_PHASE_STRIP = NO;
				DEBUG_INFORMATION_FORMAT = "dwarf-with-dsym";
				ENABLE_NS_ASSERTIONS = NO;
				ENABLE_STRICT_OBJC_MSGSEND = YES;
				GCC_C_LANGUAGE_STANDARD = gnu99;
				GCC_NO_COMMON_BLOCKS = YES;
				GCC_WARN_64_TO_32_BIT_CONVERSION = YES;
				GCC_WARN_ABOUT_RETURN_TYPE = YES_ERROR;
				GCC_WARN_UNDECLARED_SELECTOR = YES;
				GCC_WARN_UNINITIALIZED_AUTOS = YES_AGGRESSIVE;
				GCC_WARN_UNUSED_FUNCTION = YES;
				GCC_WARN_UNUSED_VARIABLE = YES;
				IPHONEOS_DEPLOYMENT_TARGET = 9.2;
				MTL_ENABLE_DEBUG_INFO = NO;
				SDKROOT = iphoneos;
				VALIDATE_PRODUCT = YES;
			};
			name = Release;
		};
		AE9818B31CA4F3A800D44FDD /* Debug */ = {
			isa = XCBuildConfiguration;
			buildSettings = {
				ASSETCATALOG_COMPILER_APPICON_NAME = AppIcon;
				INFOPLIST_FILE = ToDoList/Info.plist;
				LD_RUNPATH_SEARCH_PATHS = "$(inherited) @executable_path/Frameworks";
				PRODUCT_BUNDLE_IDENTIFIER = com.example.ToDoList;
				PRODUCT_NAME = "$(TARGET_NAME)";
			};
			name = Debug;
		};
		AE9818B41CA4F3A800D44FDD /* Release */ = {
			isa = XCBuildConfiguration;
			buildSettings = {
				ASSETCATALOG_COMPILER_APPICON_NAME = AppIcon;
				INFOPLIST_FILE = ToDoList/Info.plist;
				LD_RUNPATH_SEARCH_PATHS = "$(inherited) @executable_path/Frameworks";
				PRODUCT_BUNDLE_IDENTIFIER = com.example.ToDoList;
				PRODUCT_NAME = "$(TARGET_NAME)";
			};
			name = Release;
		};
		AE9818B61CA4F3A800D44FDD /* Debug */ = {
			isa = XCBuildConfiguration;
			buildSettings = {
				BUNDLE_LOADER = "$(TEST_HOST)";
				INFOPLIST_FILE = ToDoListTests/Info.plist;
				LD_RUNPATH_SEARCH_PATHS = "$(inherited) @executable_path/Frameworks @loader_path/Frameworks";
				PRODUCT_BUNDLE_IDENTIFIER = com.example.ToDoListTests;
				PRODUCT_NAME = "$(TARGET_NAME)";
				TEST_HOST = "$(BUILT_PRODUCTS_DIR)/ToDoList.app/ToDoList";
			};
			name = Debug;
		};
		AE9818B71CA4F3A800D44FDD /* Release */ = {
			isa = XCBuildConfiguration;
			buildSettings = {
				BUNDLE_LOADER = "$(TEST_HOST)";
				INFOPLIST_FILE = ToDoListTests/Info.plist;
				LD_RUNPATH_SEARCH_PATHS = "$(inherited) @executable_path/Frameworks @loader_path/Frameworks";
				PRODUCT_BUNDLE_IDENTIFIER = com.example.ToDoListTests;
				PRODUCT_NAME = "$(TARGET_NAME)";
				TEST_HOST = "$(BUILT_PRODUCTS_DIR)/ToDoList.app/ToDoList";
			};
			name = Release;
		};
		AE9818B91CA4F3A800D44FDD /* Debug */ = {
			isa = XCBuildConfiguration;
			buildSettings = {
				INFOPLIST_FILE = ToDoListUITests/Info.plist;
				LD_RUNPATH_SEARCH_PATHS = "$(inherited) @executable_path/Frameworks @loader_path/Frameworks";
				PRODUCT_BUNDLE_IDENTIFIER = com.example.ToDoListUITests;
				PRODUCT_NAME = "$(TARGET_NAME)";
				TEST_TARGET_NAME = ToDoList;
				USES_XCTRUNNER = YES;
			};
			name = Debug;
		};
		AE9818BA1CA4F3A800D44FDD /* Release */ = {
			isa = XCBuildConfiguration;
			buildSettings = {
				INFOPLIST_FILE = ToDoListUITests/Info.plist;
				LD_RUNPATH_SEARCH_PATHS = "$(inherited) @executable_path/Frameworks @loader_path/Frameworks";
				PRODUCT_BUNDLE_IDENTIFIER = com.example.ToDoListUITests;
				PRODUCT_NAME = "$(TARGET_NAME)";
				TEST_TARGET_NAME = ToDoList;
				USES_XCTRUNNER = YES;
			};
			name = Release;
		};
/* End XCBuildConfiguration section */

/* Begin XCConfigurationList section */
		AE9818801CA4F3A800D44FDD /* Build configuration list for PBXProject "ToDoList" */ = {
			isa = XCConfigurationList;
			buildConfigurations = (
				AE9818B01CA4F3A800D44FDD /* Debug */,
				AE9818B11CA4F3A800D44FDD /* Release */,
			);
			defaultConfigurationIsVisible = 0;
			defaultConfigurationName = Release;
		};
		AE9818B21CA4F3A800D44FDD /* Build configuration list for PBXNativeTarget "ToDoList" */ = {
			isa = XCConfigurationList;
			buildConfigurations = (
				AE9818B31CA4F3A800D44FDD /* Debug */,
				AE9818B41CA4F3A800D44FDD /* Release */,
			);
			defaultConfigurationIsVisible = 0;
			defaultConfigurationName = Release;
		};
		AE9818B51CA4F3A800D44FDD /* Build configuration list for PBXNativeTarget "ToDoListTests" */ = {
			isa = XCConfigurationList;
			buildConfigurations = (
				AE9818B61CA4F3A800D44FDD /* Debug */,
				AE9818B71CA4F3A800D44FDD /* Release */,
			);
			defaultConfigurationIsVisible = 0;
			defaultConfigurationName = Release;
		};
		AE9818B81CA4F3A800D44FDD /* Build configuration list for PBXNativeTarget "ToDoListUITests" */ = {
			isa = XCConfigurationList;
			buildConfigurations = (
				AE9818B91CA4F3A800D44FDD /* Debug */,
				AE9818BA1CA4F3A800D44FDD /* Release */,
			);
			defaultConfigurationIsVisible = 0;
			defaultConfigurationName = Release;
		};
/* End XCConfigurationList section */
	};
	rootObject = AE98187D1CA4F3A800D44FDD /* Project object */;
}
